
Microsoft Visual Studio Solution File, Format Version 12.00
# Visual Studio Version 17
VisualStudioVersion = 17.2.32526.322
MinimumVisualStudioVersion = 10.0.40219.1
Project("{2150E333-8FDC-42A3-9474-1A3956D46DE8}") = "Core", "Core", "{3D323264-3D6A-454A-956B-C1DD46AFD75A}"
EndProject
Project("{9A19103F-16F7-4668-BE54-9A1E7A4F7556}") = "MyArchitect.Domain", "Core\MyArchitect.Domain\MyArchitect.Domain.csproj", "{6EA99EDE-7F7D-46BB-80F8-CDE619525F6C}"
EndProject
Project("{9A19103F-16F7-4668-BE54-9A1E7A4F7556}") = "MyArchitect.Abstraction", "Core\MyArchitect.Abstraction\MyArchitect.Abstraction.csproj", "{849F5946-F84A-490A-9AE2-98F0065AA39F}"
EndProject
Project("{2150E333-8FDC-42A3-9474-1A3956D46DE8}") = "Infrastructure", "Infrastructure", "{C1003D1E-76A8-475E-8DCA-BB2003D1900B}"
EndProject
Project("{9A19103F-16F7-4668-BE54-9A1E7A4F7556}") = "MyArchitect.Persistence", "Infrastructure\MyArchitect.Persistence\MyArchitect.Persistence.csproj", "{094A4C76-5875-4D65-BEAC-2AF77942DD8C}"
EndProject
Project("{9A19103F-16F7-4668-BE54-9A1E7A4F7556}") = "MyArchitect.Concrete", "Infrastructure\MyArchitect.Concrete\MyArchitect.Concrete.csproj", "{B520EA65-E980-4B62-A75A-FB1DDF760AAC}"
EndProject
Project("{2150E333-8FDC-42A3-9474-1A3956D46DE8}") = "Presentation", "Presentation", "{35A56D2E-85C3-4AC3-BF1C-E1E602BE6D44}"
EndProject
Project("{9A19103F-16F7-4668-BE54-9A1E7A4F7556}") = "MyArchitect.Api", "Presentation\MyArchitect.Api\MyArchitect.Api.csproj", "{103D32D2-5400-416F-B39E-8B9AD6096A43}"
EndProject
Project("{9A19103F-16F7-4668-BE54-9A1E7A4F7556}") = "MyArchitect.ConsoleApp", "Presentation\MyArchitect.ConsoleApp\MyArchitect.ConsoleApp.csproj", "{A29E69FB-7EC3-4EAF-BA70-6A5D403CD68A}"
EndProject
Project("{9A19103F-16F7-4668-BE54-9A1E7A4F7556}") = "MyArchitect.RequestResponseModels", "Core\MyArchitect.RequestResponseModels\MyArchitect.RequestResponseModels.csproj", "{DCB3F1DE-0175-410E-8AF2-22AF1BE88555}"
EndProject
Project("{9A19103F-16F7-4668-BE54-9A1E7A4F7556}") = "MyArchitect.Validators", "Core\MyArchitect.Validators\MyArchitect.Validators.csproj", "{34EAADE8-D7F4-490E-8B16-C6E8421ADB1D}"
EndProject
Project("{FAE04EC0-301F-11D3-BF4B-00C04F79EFBC}") = "MyArchitect.Utils", "Core\MyArchitect.Utils\MyArchitect.Utils.csproj", "{4A013D8C-0546-4A88-9061-F5B293B75C10}"
EndProject
Global
	GlobalSection(SolutionConfigurationPlatforms) = preSolution
		Debug|Any CPU = Debug|Any CPU
		Release|Any CPU = Release|Any CPU
	EndGlobalSection
	GlobalSection(ProjectConfigurationPlatforms) = postSolution
		{6EA99EDE-7F7D-46BB-80F8-CDE619525F6C}.Debug|Any CPU.ActiveCfg = Debug|Any CPU
		{6EA99EDE-7F7D-46BB-80F8-CDE619525F6C}.Debug|Any CPU.Build.0 = Debug|Any CPU
		{6EA99EDE-7F7D-46BB-80F8-CDE619525F6C}.Release|Any CPU.ActiveCfg = Release|Any CPU
		{6EA99EDE-7F7D-46BB-80F8-CDE619525F6C}.Release|Any CPU.Build.0 = Release|Any CPU
		{849F5946-F84A-490A-9AE2-98F0065AA39F}.Debug|Any CPU.ActiveCfg = Debug|Any CPU
		{849F5946-F84A-490A-9AE2-98F0065AA39F}.Debug|Any CPU.Build.0 = Debug|Any CPU
		{849F5946-F84A-490A-9AE2-98F0065AA39F}.Release|Any CPU.ActiveCfg = Release|Any CPU
		{849F5946-F84A-490A-9AE2-98F0065AA39F}.Release|Any CPU.Build.0 = Release|Any CPU
		{094A4C76-5875-4D65-BEAC-2AF77942DD8C}.Debug|Any CPU.ActiveCfg = Debug|Any CPU
		{094A4C76-5875-4D65-BEAC-2AF77942DD8C}.Debug|Any CPU.Build.0 = Debug|Any CPU
		{094A4C76-5875-4D65-BEAC-2AF77942DD8C}.Release|Any CPU.ActiveCfg = Release|Any CPU
		{094A4C76-5875-4D65-BEAC-2AF77942DD8C}.Release|Any CPU.Build.0 = Release|Any CPU
		{B520EA65-E980-4B62-A75A-FB1DDF760AAC}.Debug|Any CPU.ActiveCfg = Debug|Any CPU
		{B520EA65-E980-4B62-A75A-FB1DDF760AAC}.Debug|Any CPU.Build.0 = Debug|Any CPU
		{B520EA65-E980-4B62-A75A-FB1DDF760AAC}.Release|Any CPU.ActiveCfg = Release|Any CPU
		{B520EA65-E980-4B62-A75A-FB1DDF760AAC}.Release|Any CPU.Build.0 = Release|Any CPU
		{103D32D2-5400-416F-B39E-8B9AD6096A43}.Debug|Any CPU.ActiveCfg = Debug|Any CPU
		{103D32D2-5400-416F-B39E-8B9AD6096A43}.Debug|Any CPU.Build.0 = Debug|Any CPU
		{103D32D2-5400-416F-B39E-8B9AD6096A43}.Release|Any CPU.ActiveCfg = Release|Any CPU
		{103D32D2-5400-416F-B39E-8B9AD6096A43}.Release|Any CPU.Build.0 = Release|Any CPU
		{A29E69FB-7EC3-4EAF-BA70-6A5D403CD68A}.Debug|Any CPU.ActiveCfg = Debug|Any CPU
		{A29E69FB-7EC3-4EAF-BA70-6A5D403CD68A}.Debug|Any CPU.Build.0 = Debug|Any CPU
		{A29E69FB-7EC3-4EAF-BA70-6A5D403CD68A}.Release|Any CPU.ActiveCfg = Release|Any CPU
		{A29E69FB-7EC3-4EAF-BA70-6A5D403CD68A}.Release|Any CPU.Build.0 = Release|Any CPU
		{DCB3F1DE-0175-410E-8AF2-22AF1BE88555}.Debug|Any CPU.ActiveCfg = Debug|Any CPU
		{DCB3F1DE-0175-410E-8AF2-22AF1BE88555}.Debug|Any CPU.Build.0 = Debug|Any CPU
		{DCB3F1DE-0175-410E-8AF2-22AF1BE88555}.Release|Any CPU.ActiveCfg = Release|Any CPU
		{DCB3F1DE-0175-410E-8AF2-22AF1BE88555}.Release|Any CPU.Build.0 = Release|Any CPU
		{34EAADE8-D7F4-490E-8B16-C6E8421ADB1D}.Debug|Any CPU.ActiveCfg = Debug|Any CPU
		{34EAADE8-D7F4-490E-8B16-C6E8421ADB1D}.Debug|Any CPU.Build.0 = Debug|Any CPU
		{34EAADE8-D7F4-490E-8B16-C6E8421ADB1D}.Release|Any CPU.ActiveCfg = Release|Any CPU
		{34EAADE8-D7F4-490E-8B16-C6E8421ADB1D}.Release|Any CPU.Build.0 = Release|Any CPU
		{4A013D8C-0546-4A88-9061-F5B293B75C10}.Debug|Any CPU.ActiveCfg = Debug|Any CPU
		{4A013D8C-0546-4A88-9061-F5B293B75C10}.Debug|Any CPU.Build.0 = Debug|Any CPU
		{4A013D8C-0546-4A88-9061-F5B293B75C10}.Release|Any CPU.ActiveCfg = Release|Any CPU
		{4A013D8C-0546-4A88-9061-F5B293B75C10}.Release|Any CPU.Build.0 = Release|Any CPU
	EndGlobalSection
	GlobalSection(SolutionProperties) = preSolution
		HideSolutionNode = FALSE
	EndGlobalSection
	GlobalSection(NestedProjects) = preSolution
		{6EA99EDE-7F7D-46BB-80F8-CDE619525F6C} = {3D323264-3D6A-454A-956B-C1DD46AFD75A}
		{849F5946-F84A-490A-9AE2-98F0065AA39F} = {3D323264-3D6A-454A-956B-C1DD46AFD75A}
		{094A4C76-5875-4D65-BEAC-2AF77942DD8C} = {C1003D1E-76A8-475E-8DCA-BB2003D1900B}
		{B520EA65-E980-4B62-A75A-FB1DDF760AAC} = {C1003D1E-76A8-475E-8DCA-BB2003D1900B}
		{103D32D2-5400-416F-B39E-8B9AD6096A43} = {35A56D2E-85C3-4AC3-BF1C-E1E602BE6D44}
		{A29E69FB-7EC3-4EAF-BA70-6A5D403CD68A} = {35A56D2E-85C3-4AC3-BF1C-E1E602BE6D44}
		{DCB3F1DE-0175-410E-8AF2-22AF1BE88555} = {3D323264-3D6A-454A-956B-C1DD46AFD75A}
		{34EAADE8-D7F4-490E-8B16-C6E8421ADB1D} = {3D323264-3D6A-454A-956B-C1DD46AFD75A}
		{4A013D8C-0546-4A88-9061-F5B293B75C10} = {3D323264-3D6A-454A-956B-C1DD46AFD75A}
	EndGlobalSection
	GlobalSection(ExtensibilityGlobals) = postSolution
		SolutionGuid = {16542122-74DD-44B9-BC67-6B83E32F2C7B}
	EndGlobalSection
EndGlobal
